
Microsoft Visual Studio Solution File, Format Version 12.00
# Visual Studio 15
VisualStudioVersion = 15.0.26730.16
MinimumVisualStudioVersion = 10.0.40219.1
Project("{FAE04EC0-301F-11D3-BF4B-00C04F79EFBC}") = "COMP306-ONLINE-ORDER-LAB2", "COMP306-ONLINE-ORDER-LAB2\COMP306-ONLINE-ORDER-LAB2.csproj", "{CD50F8F1-5C48-4A95-839A-C59C4A057808}"
EndProject
Global
	GlobalSection(SolutionConfigurationPlatforms) = preSolution
		Debug|Any CPU = Debug|Any CPU
		Release|Any CPU = Release|Any CPU
	EndGlobalSection
	GlobalSection(ProjectConfigurationPlatforms) = postSolution
		{CD50F8F1-5C48-4A95-839A-C59C4A057808}.Debug|Any CPU.ActiveCfg = Debug|Any CPU
		{CD50F8F1-5C48-4A95-839A-C59C4A057808}.Debug|Any CPU.Build.0 = Debug|Any CPU
		{CD50F8F1-5C48-4A95-839A-C59C4A057808}.Release|Any CPU.ActiveCfg = Release|Any CPU
		{CD50F8F1-5C48-4A95-839A-C59C4A057808}.Release|Any CPU.Build.0 = Release|Any CPU
	EndGlobalSection
	GlobalSection(SolutionProperties) = preSolution
		HideSolutionNode = FALSE
	EndGlobalSection
	GlobalSection(ExtensibilityGlobals) = postSolution
		SolutionGuid = {CCFC257D-F7A1-4E2B-8506-58E5ED69A17C}
	EndGlobalSection
EndGlobal
